// !$*UTF8*$!
{
	archiveVersion = 1;
	classes = {
	};
	objectVersion = 56;
	objects = {

/* Begin PBXBuildFile section */
		CE630D1F2A828FE30030E5FF /* LocationsListView.swift in Sources */ = {isa = PBXBuildFile; fileRef = CE630D1E2A828FE30030E5FF /* LocationsListView.swift */; };
		CE630D212A8A295B0030E5FF /* LocationPreviewView.swift in Sources */ = {isa = PBXBuildFile; fileRef = CE630D202A8A295B0030E5FF /* LocationPreviewView.swift */; };
		CE630D232A8B81950030E5FF /* LocationMapAnnotationView.swift in Sources */ = {isa = PBXBuildFile; fileRef = CE630D222A8B81950030E5FF /* LocationMapAnnotationView.swift */; };
		CE712D442A7BCE7500BD1BBD /* Assets.xcassets in Resources */ = {isa = PBXBuildFile; fileRef = CE712D432A7BCE7500BD1BBD /* Assets.xcassets */; };
		CE712D492A7BD24200BD1BBD /* Location.swift in Sources */ = {isa = PBXBuildFile; fileRef = CE712D482A7BD24200BD1BBD /* Location.swift */; };
		CE712D4C2A7BD39000BD1BBD /* LocationsDataService.swift in Sources */ = {isa = PBXBuildFile; fileRef = CE712D4B2A7BD39000BD1BBD /* LocationsDataService.swift */; };
		CE712D4E2A7BD87100BD1BBD /* LocationsView.swift in Sources */ = {isa = PBXBuildFile; fileRef = CE712D4D2A7BD87100BD1BBD /* LocationsView.swift */; };
		CE712D502A7BE5A400BD1BBD /* LocationsViewModel.swift in Sources */ = {isa = PBXBuildFile; fileRef = CE712D4F2A7BE5A400BD1BBD /* LocationsViewModel.swift */; };
		CE72D9DC2A7BC890006B35BA /* MapAppUAApp.swift in Sources */ = {isa = PBXBuildFile; fileRef = CE72D9DB2A7BC890006B35BA /* MapAppUAApp.swift */; };
		CE72D9DE2A7BC890006B35BA /* ContentView.swift in Sources */ = {isa = PBXBuildFile; fileRef = CE72D9DD2A7BC890006B35BA /* ContentView.swift */; };
		CE72D9E32A7BC899006B35BA /* Preview Assets.xcassets in Resources */ = {isa = PBXBuildFile; fileRef = CE72D9E22A7BC899006B35BA /* Preview Assets.xcassets */; };
/* End PBXBuildFile section */

/* Begin PBXFileReference section */
		CE630D1E2A828FE30030E5FF /* LocationsListView.swift */ = {isa = PBXFileReference; lastKnownFileType = sourcecode.swift; path = LocationsListView.swift; sourceTree = "<group>"; };
		CE630D202A8A295B0030E5FF /* LocationPreviewView.swift */ = {isa = PBXFileReference; lastKnownFileType = sourcecode.swift; path = LocationPreviewView.swift; sourceTree = "<group>"; };
		CE630D222A8B81950030E5FF /* LocationMapAnnotationView.swift */ = {isa = PBXFileReference; lastKnownFileType = sourcecode.swift; path = LocationMapAnnotationView.swift; sourceTree = "<group>"; };
		CE712D432A7BCE7500BD1BBD /* Assets.xcassets */ = {isa = PBXFileReference; lastKnownFileType = folder.assetcatalog; path = Assets.xcassets; sourceTree = "<group>"; };
		CE712D482A7BD24200BD1BBD /* Location.swift */ = {isa = PBXFileReference; lastKnownFileType = sourcecode.swift; path = Location.swift; sourceTree = "<group>"; };
		CE712D4B2A7BD39000BD1BBD /* LocationsDataService.swift */ = {isa = PBXFileReference; fileEncoding = 4; lastKnownFileType = sourcecode.swift; path = LocationsDataService.swift; sourceTree = "<group>"; };
		CE712D4D2A7BD87100BD1BBD /* LocationsView.swift */ = {isa = PBXFileReference; lastKnownFileType = sourcecode.swift; path = LocationsView.swift; sourceTree = "<group>"; };
		CE712D4F2A7BE5A400BD1BBD /* LocationsViewModel.swift */ = {isa = PBXFileReference; lastKnownFileType = sourcecode.swift; path = LocationsViewModel.swift; sourceTree = "<group>"; };
		CE72D9D82A7BC890006B35BA /* MapAppUA.app */ = {isa = PBXFileReference; explicitFileType = wrapper.application; includeInIndex = 0; path = MapAppUA.app; sourceTree = BUILT_PRODUCTS_DIR; };
		CE72D9DB2A7BC890006B35BA /* MapAppUAApp.swift */ = {isa = PBXFileReference; lastKnownFileType = sourcecode.swift; path = MapAppUAApp.swift; sourceTree = "<group>"; };
		CE72D9DD2A7BC890006B35BA /* ContentView.swift */ = {isa = PBXFileReference; lastKnownFileType = sourcecode.swift; path = ContentView.swift; sourceTree = "<group>"; };
		CE72D9E22A7BC899006B35BA /* Preview Assets.xcassets */ = {isa = PBXFileReference; lastKnownFileType = folder.assetcatalog; path = "Preview Assets.xcassets"; sourceTree = "<group>"; };
/* End PBXFileReference section */

/* Begin PBXFrameworksBuildPhase section */
		CE72D9D52A7BC890006B35BA /* Frameworks */ = {
			isa = PBXFrameworksBuildPhase;
			buildActionMask = 2147483647;
			files = (
			);
			runOnlyForDeploymentPostprocessing = 0;
		};
/* End PBXFrameworksBuildPhase section */

/* Begin PBXGroup section */
		CE712D452A7BD1CF00BD1BBD /* Models */ = {
			isa = PBXGroup;
			children = (
				CE712D482A7BD24200BD1BBD /* Location.swift */,
			);
			path = Models;
			sourceTree = "<group>";
		};
		CE712D462A7BD1E000BD1BBD /* Views */ = {
			isa = PBXGroup;
			children = (
				CE712D4D2A7BD87100BD1BBD /* LocationsView.swift */,
				CE630D1E2A828FE30030E5FF /* LocationsListView.swift */,
				CE630D202A8A295B0030E5FF /* LocationPreviewView.swift */,
				CE630D222A8B81950030E5FF /* LocationMapAnnotationView.swift */,
			);
			path = Views;
			sourceTree = "<group>";
		};
		CE712D472A7BD1F400BD1BBD /* ViewModels */ = {
			isa = PBXGroup;
			children = (
				CE712D4F2A7BE5A400BD1BBD /* LocationsViewModel.swift */,
			);
			path = ViewModels;
			sourceTree = "<group>";
		};
		CE712D4A2A7BD35900BD1BBD /* DataServices */ = {
			isa = PBXGroup;
			children = (
				CE712D4B2A7BD39000BD1BBD /* LocationsDataService.swift */,
			);
			path = DataServices;
			sourceTree = "<group>";
		};
		CE72D9CF2A7BC890006B35BA = {
			isa = PBXGroup;
			children = (
				CE72D9DA2A7BC890006B35BA /* MapAppUA */,
				CE72D9D92A7BC890006B35BA /* Products */,
			);
			sourceTree = "<group>";
		};
		CE72D9D92A7BC890006B35BA /* Products */ = {
			isa = PBXGroup;
			children = (
				CE72D9D82A7BC890006B35BA /* MapAppUA.app */,
			);
			name = Products;
			sourceTree = "<group>";
		};
		CE72D9DA2A7BC890006B35BA /* MapAppUA */ = {
			isa = PBXGroup;
			children = (
				CE72D9DB2A7BC890006B35BA /* MapAppUAApp.swift */,
				CE72D9DD2A7BC890006B35BA /* ContentView.swift */,
				CE712D4A2A7BD35900BD1BBD /* DataServices */,
				CE712D462A7BD1E000BD1BBD /* Views */,
				CE712D472A7BD1F400BD1BBD /* ViewModels */,
				CE712D452A7BD1CF00BD1BBD /* Models */,
				CE712D432A7BCE7500BD1BBD /* Assets.xcassets */,
				CE72D9E12A7BC899006B35BA /* Preview Content */,
			);
			path = MapAppUA;
			sourceTree = "<group>";
		};
		CE72D9E12A7BC899006B35BA /* Preview Content */ = {
			isa = PBXGroup;
			children = (
				CE72D9E22A7BC899006B35BA /* Preview Assets.xcassets */,
			);
			path = "Preview Content";
			sourceTree = "<group>";
		};
/* End PBXGroup section */

/* Begin PBXNativeTarget section */
		CE72D9D72A7BC890006B35BA /* MapAppUA */ = {
			isa = PBXNativeTarget;
			buildConfigurationList = CE72D9E62A7BC899006B35BA /* Build configuration list for PBXNativeTarget "MapAppUA" */;
			buildPhases = (
				CE72D9D42A7BC890006B35BA /* Sources */,
				CE72D9D52A7BC890006B35BA /* Frameworks */,
				CE72D9D62A7BC890006B35BA /* Resources */,
			);
			buildRules = (
			);
			dependencies = (
			);
			name = MapAppUA;
			productName = MapAppUA;
			productReference = CE72D9D82A7BC890006B35BA /* MapAppUA.app */;
			productType = "com.apple.product-type.application";
		};
/* End PBXNativeTarget section */

/* Begin PBXProject section */
		CE72D9D02A7BC890006B35BA /* Project object */ = {
			isa = PBXProject;
			attributes = {
				BuildIndependentTargetsInParallel = 1;
				LastSwiftUpdateCheck = 1410;
				LastUpgradeCheck = 1410;
				TargetAttributes = {
					CE72D9D72A7BC890006B35BA = {
						CreatedOnToolsVersion = 14.1;
					};
				};
			};
			buildConfigurationList = CE72D9D32A7BC890006B35BA /* Build configuration list for PBXProject "MapAppUA" */;
			compatibilityVersion = "Xcode 14.0";
			developmentRegion = en;
			hasScannedForEncodings = 0;
			knownRegions = (
				en,
				Base,
			);
			mainGroup = CE72D9CF2A7BC890006B35BA;
			productRefGroup = CE72D9D92A7BC890006B35BA /* Products */;
			projectDirPath = "";
			projectRoot = "";
			targets = (
				CE72D9D72A7BC890006B35BA /* MapAppUA */,
			);
		};
/* End PBXProject section */

/* Begin PBXResourcesBuildPhase section */
		CE72D9D62A7BC890006B35BA /* Resources */ = {
			isa = PBXResourcesBuildPhase;
			buildActionMask = 2147483647;
			files = (
				CE712D442A7BCE7500BD1BBD /* Assets.xcassets in Resources */,
				CE72D9E32A7BC899006B35BA /* Preview Assets.xcassets in Resources */,
			);
			runOnlyForDeploymentPostprocessing = 0;
		};
/* End PBXResourcesBuildPhase section */

/* Begin PBXSourcesBuildPhase section */
		CE72D9D42A7BC890006B35BA /* Sources */ = {
			isa = PBXSourcesBuildPhase;
			buildActionMask = 2147483647;
			files = (
				CE712D4C2A7BD39000BD1BBD /* LocationsDataService.swift in Sources */,
				CE630D1F2A828FE30030E5FF /* LocationsListView.swift in Sources */,
				CE630D212A8A295B0030E5FF /* LocationPreviewView.swift in Sources */,
				CE712D502A7BE5A400BD1BBD /* LocationsViewModel.swift in Sources */,
				CE72D9DE2A7BC890006B35BA /* ContentView.swift in Sources */,
				CE712D4E2A7BD87100BD1BBD /* LocationsView.swift in Sources */,
				CE712D492A7BD24200BD1BBD /* Location.swift in Sources */,
				CE72D9DC2A7BC890006B35BA /* MapAppUAApp.swift in Sources */,
				CE630D232A8B81950030E5FF /* LocationMapAnnotationView.swift in Sources */,
			);
			runOnlyForDeploymentPostprocessing = 0;
		};
/* End PBXSourcesBuildPhase section */

/* Begin XCBuildConfiguration section */
		CE72D9E42A7BC899006B35BA /* Debug */ = {
			isa = XCBuildConfiguration;
			buildSettings = {
				ALWAYS_SEARCH_USER_PATHS = NO;
				CLANG_ANALYZER_NONNULL = YES;
				CLANG_ANALYZER_NUMBER_OBJECT_CONVERSION = YES_AGGRESSIVE;
				CLANG_CXX_LANGUAGE_STANDARD = "gnu++20";
				CLANG_ENABLE_MODULES = YES;
				CLANG_ENABLE_OBJC_ARC = YES;
				CLANG_ENABLE_OBJC_WEAK = YES;
				CLANG_WARN_BLOCK_CAPTURE_AUTORELEASING = YES;
				CLANG_WARN_BOOL_CONVERSION = YES;
				CLANG_WARN_COMMA = YES;
				CLANG_WARN_CONSTANT_CONVERSION = YES;
				CLANG_WARN_DEPRECATED_OBJC_IMPLEMENTATIONS = YES;
				CLANG_WARN_DIRECT_OBJC_ISA_USAGE = YES_ERROR;
				CLANG_WARN_DOCUMENTATION_COMMENTS = YES;
				CLANG_WARN_EMPTY_BODY = YES;
				CLANG_WARN_ENUM_CONVERSION = YES;
				CLANG_WARN_INFINITE_RECURSION = YES;
				CLANG_WARN_INT_CONVERSION = YES;
				CLANG_WARN_NON_LITERAL_NULL_CONVERSION = YES;
				CLANG_WARN_OBJC_IMPLICIT_RETAIN_SELF = YES;
				CLANG_WARN_OBJC_LITERAL_CONVERSION = YES;
				CLANG_WARN_OBJC_ROOT_CLASS = YES_ERROR;
				CLANG_WARN_QUOTED_INCLUDE_IN_FRAMEWORK_HEADER = YES;
				CLANG_WARN_RANGE_LOOP_ANALYSIS = YES;
				CLANG_WARN_STRICT_PROTOTYPES = YES;
				CLANG_WARN_SUSPICIOUS_MOVE = YES;
				CLANG_WARN_UNGUARDED_AVAILABILITY = YES_AGGRESSIVE;
				CLANG_WARN_UNREACHABLE_CODE = YES;
				CLANG_WARN__DUPLICATE_METHOD_MATCH = YES;
				COPY_PHASE_STRIP = NO;
				DEBUG_INFORMATION_FORMAT = dwarf;
				ENABLE_STRICT_OBJC_MSGSEND = YES;
				ENABLE_TESTABILITY = YES;
				GCC_C_LANGUAGE_STANDARD = gnu11;
				GCC_DYNAMIC_NO_PIC = NO;
				GCC_NO_COMMON_BLOCKS = YES;
				GCC_OPTIMIZATION_LEVEL = 0;
				GCC_PREPROCESSOR_DEFINITIONS = (
					"DEBUG=1",
					"$(inherited)",
				);
				GCC_WARN_64_TO_32_BIT_CONVERSION = YES;
				GCC_WARN_ABOUT_RETURN_TYPE = YES_ERROR;
				GCC_WARN_UNDECLARED_SELECTOR = YES;
				GCC_WARN_UNINITIALIZED_AUTOS = YES_AGGRESSIVE;
				GCC_WARN_UNUSED_FUNCTION = YES;
				GCC_WARN_UNUSED_VARIABLE = YES;
				IPHONEOS_DEPLOYMENT_TARGET = 16.1;
				MTL_ENABLE_DEBUG_INFO = INCLUDE_SOURCE;
				MTL_FAST_MATH = YES;
				ONLY_ACTIVE_ARCH = YES;
				SDKROOT = iphoneos;
				SWIFT_ACTIVE_COMPILATION_CONDITIONS = DEBUG;
				SWIFT_OPTIMIZATION_LEVEL = "-Onone";
			};
			name = Debug;
		};
		CE72D9E52A7BC899006B35BA /* Release */ = {
			isa = XCBuildConfiguration;
			buildSettings = {
				ALWAYS_SEARCH_USER_PATHS = NO;
				CLANG_ANALYZER_NONNULL = YES;
				CLANG_ANALYZER_NUMBER_OBJECT_CONVERSION = YES_AGGRESSIVE;
				CLANG_CXX_LANGUAGE_STANDARD = "gnu++20";
				CLANG_ENABLE_MODULES = YES;
				CLANG_ENABLE_OBJC_ARC = YES;
				CLANG_ENABLE_OBJC_WEAK = YES;
				CLANG_WARN_BLOCK_CAPTURE_AUTORELEASING = YES;
				CLANG_WARN_BOOL_CONVERSION = YES;
				CLANG_WARN_COMMA = YES;
				CLANG_WARN_CONSTANT_CONVERSION = YES;
				CLANG_WARN_DEPRECATED_OBJC_IMPLEMENTATIONS = YES;
				CLANG_WARN_DIRECT_OBJC_ISA_USAGE = YES_ERROR;
				CLANG_WARN_DOCUMENTATION_COMMENTS = YES;
				CLANG_WARN_EMPTY_BODY = YES;
				CLANG_WARN_ENUM_CONVERSION = YES;
				CLANG_WARN_INFINITE_RECURSION = YES;
				CLANG_WARN_INT_CONVERSION = YES;
				CLANG_WARN_NON_LITERAL_NULL_CONVERSION = YES;
				CLANG_WARN_OBJC_IMPLICIT_RETAIN_SELF = YES;
				CLANG_WARN_OBJC_LITERAL_CONVERSION = YES;
				CLANG_WARN_OBJC_ROOT_CLASS = YES_ERROR;
				CLANG_WARN_QUOTED_INCLUDE_IN_FRAMEWORK_HEADER = YES;
				CLANG_WARN_RANGE_LOOP_ANALYSIS = YES;
				CLANG_WARN_STRICT_PROTOTYPES = YES;
				CLANG_WARN_SUSPICIOUS_MOVE = YES;
				CLANG_WARN_UNGUARDED_AVAILABILITY = YES_AGGRESSIVE;
				CLANG_WARN_UNREACHABLE_CODE = YES;
				CLANG_WARN__DUPLICATE_METHOD_MATCH = YES;
				COPY_PHASE_STRIP = NO;
				DEBUG_INFORMATION_FORMAT = "dwarf-with-dsym";
				ENABLE_NS_ASSERTIONS = NO;
				ENABLE_STRICT_OBJC_MSGSEND = YES;
				GCC_C_LANGUAGE_STANDARD = gnu11;
				GCC_NO_COMMON_BLOCKS = YES;
				GCC_WARN_64_TO_32_BIT_CONVERSION = YES;
				GCC_WARN_ABOUT_RETURN_TYPE = YES_ERROR;
				GCC_WARN_UNDECLARED_SELECTOR = YES;
				GCC_WARN_UNINITIALIZED_AUTOS = YES_AGGRESSIVE;
				GCC_WARN_UNUSED_FUNCTION = YES;
				GCC_WARN_UNUSED_VARIABLE = YES;
				IPHONEOS_DEPLOYMENT_TARGET = 16.1;
				MTL_ENABLE_DEBUG_INFO = NO;
				MTL_FAST_MATH = YES;
				SDKROOT = iphoneos;
				SWIFT_COMPILATION_MODE = wholemodule;
				SWIFT_OPTIMIZATION_LEVEL = "-O";
				VALIDATE_PRODUCT = YES;
			};
			name = Release;
		};
		CE72D9E72A7BC899006B35BA /* Debug */ = {
			isa = XCBuildConfiguration;
			buildSettings = {
				ASSETCATALOG_COMPILER_APPICON_NAME = AppIcon;
				ASSETCATALOG_COMPILER_GLOBAL_ACCENT_COLOR_NAME = AccentColor;
				CODE_SIGN_STYLE = Automatic;
				CURRENT_PROJECT_VERSION = 1;
				DEVELOPMENT_ASSET_PATHS = "\"MapAppUA/Preview Content\"";
				DEVELOPMENT_TEAM = 2G26RLF6HL;
				ENABLE_PREVIEWS = YES;
				GENERATE_INFOPLIST_FILE = YES;
				INFOPLIST_KEY_UIApplicationSceneManifest_Generation = YES;
				INFOPLIST_KEY_UIApplicationSupportsIndirectInputEvents = YES;
				INFOPLIST_KEY_UILaunchScreen_Generation = YES;
				INFOPLIST_KEY_UISupportedInterfaceOrientations_iPad = "UIInterfaceOrientationPortrait UIInterfaceOrientationPortraitUpsideDown UIInterfaceOrientationLandscapeLeft UIInterfaceOrientationLandscapeRight";
				INFOPLIST_KEY_UISupportedInterfaceOrientations_iPhone = "UIInterfaceOrientationPortrait UIInterfaceOrientationLandscapeLeft UIInterfaceOrientationLandscapeRight";
				LD_RUNPATH_SEARCH_PATHS = (
					"$(inherited)",
					"@executable_path/Frameworks",
				);
				MARKETING_VERSION = 1.0;
				PRODUCT_BUNDLE_IDENTIFIER = VladB.MapAppUA;
				PRODUCT_NAME = "$(TARGET_NAME)";
				SWIFT_EMIT_LOC_STRINGS = YES;
				SWIFT_VERSION = 5.0;
				TARGETED_DEVICE_FAMILY = "1,2";
			};
			name = Debug;
		};
		CE72D9E82A7BC899006B35BA /* Release */ = {
			isa = XCBuildConfiguration;
			buildSettings = {
				ASSETCATALOG_COMPILER_APPICON_NAME = AppIcon;
				ASSETCATALOG_COMPILER_GLOBAL_ACCENT_COLOR_NAME = AccentColor;
				CODE_SIGN_STYLE = Automatic;
				CURRENT_PROJECT_VERSION = 1;
				DEVELOPMENT_ASSET_PATHS = "\"MapAppUA/Preview Content\"";
				DEVELOPMENT_TEAM = 2G26RLF6HL;
				ENABLE_PREVIEWS = YES;
				GENERATE_INFOPLIST_FILE = YES;
				INFOPLIST_KEY_UIApplicationSceneManifest_Generation = YES;
				INFOPLIST_KEY_UIApplicationSupportsIndirectInputEvents = YES;
				INFOPLIST_KEY_UILaunchScreen_Generation = YES;
				INFOPLIST_KEY_UISupportedInterfaceOrientations_iPad = "UIInterfaceOrientationPortrait UIInterfaceOrientationPortraitUpsideDown UIInterfaceOrientationLandscapeLeft UIInterfaceOrientationLandscapeRight";
				INFOPLIST_KEY_UISupportedInterfaceOrientations_iPhone = "UIInterfaceOrientationPortrait UIInterfaceOrientationLandscapeLeft UIInterfaceOrientationLandscapeRight";
				LD_RUNPATH_SEARCH_PATHS = (
					"$(inherited)",
					"@executable_path/Frameworks",
				);
				MARKETING_VERSION = 1.0;
				PRODUCT_BUNDLE_IDENTIFIER = VladB.MapAppUA;
				PRODUCT_NAME = "$(TARGET_NAME)";
				SWIFT_EMIT_LOC_STRINGS = YES;
				SWIFT_VERSION = 5.0;
				TARGETED_DEVICE_FAMILY = "1,2";
			};
			name = Release;
		};
/* End XCBuildConfiguration section */

/* Begin XCConfigurationList section */
		CE72D9D32A7BC890006B35BA /* Build configuration list for PBXProject "MapAppUA" */ = {
			isa = XCConfigurationList;
			buildConfigurations = (
				CE72D9E42A7BC899006B35BA /* Debug */,
				CE72D9E52A7BC899006B35BA /* Release */,
			);
			defaultConfigurationIsVisible = 0;
			defaultConfigurationName = Release;
		};
		CE72D9E62A7BC899006B35BA /* Build configuration list for PBXNativeTarget "MapAppUA" */ = {
			isa = XCConfigurationList;
			buildConfigurations = (
				CE72D9E72A7BC899006B35BA /* Debug */,
				CE72D9E82A7BC899006B35BA /* Release */,
			);
			defaultConfigurationIsVisible = 0;
			defaultConfigurationName = Release;
		};
/* End XCConfigurationList section */
	};
	rootObject = CE72D9D02A7BC890006B35BA /* Project object */;
}
